hash: e5a4ab465595b012067e50ad9f175aa9adf77b879e31825acc24d68f5b3418bb
updated: 2016-10-16T06:52:48.563832311-07:00
imports:
- name: github.com/ae6rt/gittools
  version: ""
- name: github.com/ae6rt/retry
  version: ""
- name: github.com/aws/aws-sdk-go
  version: ""
  subpackages:
  - aws
  - aws/awserr
  - aws/credentials
  - service/dynamodb
  - service/s3
  - aws/awsutil
  - aws/defaults
  - aws/service
  - internal/protocol/jsonrpc
  - internal/signer/v4
  - internal/protocol/restxml
  - aws/credentials/ec2rolecreds
  - internal/endpoints
  - internal/protocol/json/jsonutil
  - internal/protocol/rest
  - internal/protocol/query
  - internal/protocol/xml/xmlutil
  - aws/ec2metadata
  - internal/protocol/query/queryutil
- name: github.com/coreos/etcd
  version: ""
  subpackages:
  - client
  - pkg/pathutil
  - pkg/types
- name: github.com/gorilla/websocket
  version: ""
- name: github.com/julienschmidt/httprouter
  version: ""
- name: github.com/vaughan0/go-ini
  version: 8305e43d5c704533364e1c9a9ba4ae1fc1ce05f0
- name: golang.org/x/net
  version: ""
  subpackages:
  - context
  - websocket
- name: gopkg.in/inf.v0
  version: 8305e43d5c704533364e1c9a9ba4ae1fc1ce05f0
testImports:
- name: github.com/ae6rt/ziptools
  version: ""
