hash: e48c790da290203b7b3463a63a16358c07b4d97ed225cfea06d4ad0464a12ba9
updated: 2017-03-07T07:10:22.464244392-08:00
imports:
- name: github.com/ae6rt/retry
  version: 340ac281720ed4c20c7b1093d9a80618c53177eb
- name: github.com/aws/aws-sdk-go
  version: 6669bce73b4e3bc922ff5ea3a3983ede26e02b39
  subpackages:
  - aws
  - aws/awserr
  - aws/awsutil
  - aws/client
  - aws/client/metadata
  - aws/corehandlers
  - aws/credentials
  - aws/credentials/ec2rolecreds
  - aws/credentials/endpointcreds
  - aws/credentials/stscreds
  - aws/defaults
  - aws/ec2metadata
  - aws/endpoints
  - aws/request
  - aws/session
  - aws/signer/v4
  - private/protocol
  - private/protocol/json/jsonutil
  - private/protocol/jsonrpc
  - private/protocol/query
  - private/protocol/query/queryutil
  - private/protocol/rest
  - private/protocol/restxml
  - private/protocol/xml/xmlutil
  - private/waiter
  - service/dynamodb
  - service/s3
  - service/sqs
  - service/sts
- name: github.com/coreos/etcd
  version: fca98c9071f2d7fc2ece35b68d2322b2c0ed440e
  subpackages:
  - Godeps/_workspace/src/golang.org/x/net/context
  - client
  - pkg/pathutil
  - pkg/types
- name: github.com/go-ini/ini
  version: c437d20015c2ab6454b7a66a13109ff0fb99e17a
- name: github.com/gorilla/websocket
  version: 1f512fc3f05332ba7117626cdfb4e07474e58e60
- name: github.com/jmespath/go-jmespath
  version: bd40a432e4c76585ef6b72d3fd96fb9b6dc7b68d
- name: github.com/julienschmidt/httprouter
  version: 2ba0f3d499bb3c8d1f47107eb55a597b6619d388
- name: github.com/pkg/errors
  version: bfd5150e4e41705ded2129ec33379de1cb90b513
- name: github.com/twinj/uuid
  version: 89173bcdda19db0eb88aef1e1cb1cb2505561d31
- name: golang.org/x/net
  version: d379faa25cbdc04d653984913a2ceb43b0bc46d7
  subpackages:
  - context
- name: gopkg.in/inf.v0
  version: 3887ee99ecf07df5b447e9b00d9c0b2adaa9f3e4
testImports:
- name: github.com/ae6rt/ziptools
  version: 0e733d9cea2914f8d26004bc575530048d92d063
